
Microsoft Visual Studio Solution File, Format Version 12.00
# Visual Studio 15
VisualStudioVersion = 15.0.28010.2046
MinimumVisualStudioVersion = 10.0.40219.1
Project("{8BC9CEB8-8B4A-11D0-8D11-00A0C91BC942}") = "pea3", "pea3\pea3.vcxproj", "{A098911F-D732-4469-AF17-384673FED382}"
EndProject
Global
	GlobalSection(SolutionConfigurationPlatforms) = preSolution
		Debug|x64 = Debug|x64
		Debug|x86 = Debug|x86
		Release|x64 = Release|x64
		Release|x86 = Release|x86
	EndGlobalSection
	GlobalSection(ProjectConfigurationPlatforms) = postSolution
		{A098911F-D732-4469-AF17-384673FED382}.Debug|x64.ActiveCfg = Debug|x64
		{A098911F-D732-4469-AF17-384673FED382}.Debug|x64.Build.0 = Debug|x64
		{A098911F-D732-4469-AF17-384673FED382}.Debug|x86.ActiveCfg = Debug|Win32
		{A098911F-D732-4469-AF17-384673FED382}.Debug|x86.Build.0 = Debug|Win32
		{A098911F-D732-4469-AF17-384673FED382}.Release|x64.ActiveCfg = Release|x64
		{A098911F-D732-4469-AF17-384673FED382}.Release|x64.Build.0 = Release|x64
		{A098911F-D732-4469-AF17-384673FED382}.Release|x86.ActiveCfg = Release|Win32
		{A098911F-D732-4469-AF17-384673FED382}.Release|x86.Build.0 = Release|Win32
	EndGlobalSection
	GlobalSection(SolutionProperties) = preSolution
		HideSolutionNode = FALSE
	EndGlobalSection
	GlobalSection(ExtensibilityGlobals) = postSolution
		SolutionGuid = {E3C2FDAC-DFC4-4028-9B3A-D2ADF61DCDC8}
	EndGlobalSection
EndGlobal
